
Microsoft Visual Studio Solution File, Format Version 12.00
# Visual Studio Version 17
VisualStudioVersion = 17.0.31903.59
MinimumVisualStudioVersion = 10.0.40219.1
Project("{FAE04EC0-301F-11D3-BF4B-00C04F79EFBC}") = "ShorterLink", "ShorterLink\ShorterLink.csproj", "{CFE3C25F-AF87-4F20-9FDB-061784C54DAA}"
EndProject
Global
	GlobalSection(SolutionConfigurationPlatforms) = preSolution
		Debug|Any CPU = Debug|Any CPU
		Release|Any CPU = Release|Any CPU
	EndGlobalSection
	GlobalSection(ProjectConfigurationPlatforms) = postSolution
		{CFE3C25F-AF87-4F20-9FDB-061784C54DAA}.Debug|Any CPU.ActiveCfg = Debug|Any CPU
		{CFE3C25F-AF87-4F20-9FDB-061784C54DAA}.Debug|Any CPU.Build.0 = Debug|Any CPU
		{CFE3C25F-AF87-4F20-9FDB-061784C54DAA}.Release|Any CPU.ActiveCfg = Release|Any CPU
		{CFE3C25F-AF87-4F20-9FDB-061784C54DAA}.Release|Any CPU.Build.0 = Release|Any CPU
	EndGlobalSection
	GlobalSection(SolutionProperties) = preSolution
		HideSolutionNode = FALSE
	EndGlobalSection
EndGlobal
